
Microsoft Visual Studio Solution File, Format Version 12.00
# Visual Studio Version 16
VisualStudioVersion = 16.0.31313.79
MinimumVisualStudioVersion = 10.0.40219.1
Project("{FAE04EC0-301F-11D3-BF4B-00C04F79EFBC}") = "Exercicio_ImprimeDadosClassesEObjetos", "Exercicio_ImprimeDadosClassesEObjetos.csproj", "{5F1E59B6-CE7E-44F8-82CE-1A9152781027}"
EndProject
Global
	GlobalSection(SolutionConfigurationPlatforms) = preSolution
		Debug|Any CPU = Debug|Any CPU
		Release|Any CPU = Release|Any CPU
	EndGlobalSection
	GlobalSection(ProjectConfigurationPlatforms) = postSolution
		{5F1E59B6-CE7E-44F8-82CE-1A9152781027}.Debug|Any CPU.ActiveCfg = Debug|Any CPU
		{5F1E59B6-CE7E-44F8-82CE-1A9152781027}.Debug|Any CPU.Build.0 = Debug|Any CPU
		{5F1E59B6-CE7E-44F8-82CE-1A9152781027}.Release|Any CPU.ActiveCfg = Release|Any CPU
		{5F1E59B6-CE7E-44F8-82CE-1A9152781027}.Release|Any CPU.Build.0 = Release|Any CPU
	EndGlobalSection
	GlobalSection(SolutionProperties) = preSolution
		HideSolutionNode = FALSE
	EndGlobalSection
	GlobalSection(ExtensibilityGlobals) = postSolution
		SolutionGuid = {91489240-B1AD-48DC-A58C-620C8A605F28}
	EndGlobalSection
EndGlobal
